// !$*UTF8*$!
{
	archiveVersion = 1;
	classes = {
	};
	objectVersion = 54;
	objects = {

/* Begin PBXBuildFile section */
		392D8645242FD0FF002064D6 /* Colors.swift in Sources */ = {isa = PBXBuildFile; fileRef = 392D8644242FD0FF002064D6 /* Colors.swift */; };
		396E363D2439684E00C2815B /* CenterLineView.swift in Sources */ = {isa = PBXBuildFile; fileRef = 396E363C2439684E00C2815B /* CenterLineView.swift */; };
		396E363F24396D5900C2815B /* UnitPickerView.swift in Sources */ = {isa = PBXBuildFile; fileRef = 396E363E24396D5900C2815B /* UnitPickerView.swift */; };
		396E3643243976A000C2815B /* GradientView.swift in Sources */ = {isa = PBXBuildFile; fileRef = 396E3642243976A000C2815B /* GradientView.swift */; };
		396E3647243A3BDC00C2815B /* UnitPickerDelegate.swift in Sources */ = {isa = PBXBuildFile; fileRef = 396E3646243A3BDC00C2815B /* UnitPickerDelegate.swift */; };
		39C3CE582442775E00359EDF /* AppDelegate.swift in Sources */ = {isa = PBXBuildFile; fileRef = 39C3CE562442775E00359EDF /* AppDelegate.swift */; };
		39C3CE5A2442776D00359EDF /* SceneDelegate.swift in Sources */ = {isa = PBXBuildFile; fileRef = 39C3CE592442776D00359EDF /* SceneDelegate.swift */; };
		39C3CE642442A1C000359EDF /* EditIngredientViewController.swift in Sources */ = {isa = PBXBuildFile; fileRef = 39C3CE632442A1C000359EDF /* EditIngredientViewController.swift */; };
		39C3CE82244BE22100359EDF /* ScalesView.swift in Sources */ = {isa = PBXBuildFile; fileRef = 39C3CE81244BE22100359EDF /* ScalesView.swift */; };
		773C97E2244BE5D900208351 /* Button.swift in Sources */ = {isa = PBXBuildFile; fileRef = 773C97E0244BE5D900208351 /* Button.swift */; };
		773C97E5244BF0BF00208351 /* StyledView.swift in Sources */ = {isa = PBXBuildFile; fileRef = 773C97E4244BF0BF00208351 /* StyledView.swift */; };
		773C97E8244BF14A00208351 /* Label.swift in Sources */ = {isa = PBXBuildFile; fileRef = 773C97E7244BF14A00208351 /* Label.swift */; };
		77479AEA242FB9C8000CFB0E /* ScaleTile.swift in Sources */ = {isa = PBXBuildFile; fileRef = 77479AE9242FB9C8000CFB0E /* ScaleTile.swift */; };
		77479AF924303D86000CFB0E /* Fonts.swift in Sources */ = {isa = PBXBuildFile; fileRef = 77479AF824303D86000CFB0E /* Fonts.swift */; };
		774EBD6524426CC2002A59AC /* Double+StringUtils.swift in Sources */ = {isa = PBXBuildFile; fileRef = 774EBD6424426CC2002A59AC /* Double+StringUtils.swift */; };
		774EBD77244271DC002A59AC /* DoubleStringUtilsTests.swift in Sources */ = {isa = PBXBuildFile; fileRef = 774EBD67244270C8002A59AC /* DoubleStringUtilsTests.swift */; };
		774EBD792442A1CE002A59AC /* Fraction.swift in Sources */ = {isa = PBXBuildFile; fileRef = 774EBD782442A1CE002A59AC /* Fraction.swift */; };
		774EBD7D2442E475002A59AC /* ScaleViewController.swift in Sources */ = {isa = PBXBuildFile; fileRef = 774EBD7C2442E475002A59AC /* ScaleViewController.swift */; };
		774EBD802442EC26002A59AC /* UIView+Constraints.swift in Sources */ = {isa = PBXBuildFile; fileRef = 774EBD7F2442EC26002A59AC /* UIView+Constraints.swift */; };
		77F41932243950CB0055053E /* ScaleScrollView.swift in Sources */ = {isa = PBXBuildFile; fileRef = 77F41931243950CB0055053E /* ScaleScrollView.swift */; };
		80433B2E1BB26C1A006B7A85 /* CSRecentsIngredientGroup.m in Sources */ = {isa = PBXBuildFile; fileRef = 80433B2D1BB26C1A006B7A85 /* CSRecentsIngredientGroup.m */; };
		80433B361BB2731B006B7A85 /* Launch Screen.storyboard in Resources */ = {isa = PBXBuildFile; fileRef = 80433B351BB2731B006B7A85 /* Launch Screen.storyboard */; };
		80592C0518924B010082D4E1 /* CSIngredients.m in Sources */ = {isa = PBXBuildFile; fileRef = 80592C0418924B010082D4E1 /* CSIngredients.m */; };
		80592C0818924B0F0082D4E1 /* CSIngredient.m in Sources */ = {isa = PBXBuildFile; fileRef = 80592C0718924B0F0082D4E1 /* CSIngredient.m */; };
		80592C0B1892541D0082D4E1 /* CSIngredientGroup.m in Sources */ = {isa = PBXBuildFile; fileRef = 80592C0A1892541D0082D4E1 /* CSIngredientGroup.m */; };
		80592C0E189268D60082D4E1 /* CSScaleView.m in Sources */ = {isa = PBXBuildFile; fileRef = 80592C0D189268D60082D4E1 /* CSScaleView.m */; };
		80592C1718939E030082D4E1 /* CSGradientView.m in Sources */ = {isa = PBXBuildFile; fileRef = 80592C1618939E030082D4E1 /* CSGradientView.m */; };
		80629C5E18D4AED600106131 /* libVGAnalytics.a in Frameworks */ = {isa = PBXBuildFile; fileRef = 80629C5B18D4AE8A00106131 /* libVGAnalytics.a */; };
		80629C6818D4B3BF00106131 /* libz.dylib in Frameworks */ = {isa = PBXBuildFile; fileRef = 80629C6718D4B3BF00106131 /* libz.dylib */; };
		807C0B6C1BB3DD4D007D2C03 /* CSIngredientListViewCell.m in Sources */ = {isa = PBXBuildFile; fileRef = 807C0B6B1BB3DD4D007D2C03 /* CSIngredientListViewCell.m */; };
		80A614DE18BF3D4100A205BB /* CSGlassView.m in Sources */ = {isa = PBXBuildFile; fileRef = 80A614DD18BF3D4100A205BB /* CSGlassView.m */; };
		931AF96818C2B8AF0018AA8B /* WeightUnits.plist in Resources */ = {isa = PBXBuildFile; fileRef = 931AF96718C2B8AF0018AA8B /* WeightUnits.plist */; };
		931AF96A18C2B9C90018AA8B /* VolumeUnits.plist in Resources */ = {isa = PBXBuildFile; fileRef = 931AF96918C2B9C90018AA8B /* VolumeUnits.plist */; };
		931AF96D18C2BAE50018AA8B /* CSUnitCollection.m in Sources */ = {isa = PBXBuildFile; fileRef = 931AF96C18C2BAE50018AA8B /* CSUnitCollection.m */; };
		9358BD6E1891CAAA00A99D51 /* CSConversionVC.m in Sources */ = {isa = PBXBuildFile; fileRef = 9358BD6C1891CAAA00A99D51 /* CSConversionVC.m */; };
		9358BD6F1891CAAA00A99D51 /* CSConversionVC.xib in Resources */ = {isa = PBXBuildFile; fileRef = 9358BD6D1891CAAA00A99D51 /* CSConversionVC.xib */; };
		936809701891059700655B89 /* CSIngredientListVC.m in Sources */ = {isa = PBXBuildFile; fileRef = 9368096F1891059700655B89 /* CSIngredientListVC.m */; };
		93D09934189766080014DB3E /* CSUnit.m in Sources */ = {isa = PBXBuildFile; fileRef = 93D09933189766080014DB3E /* CSUnit.m */; };
		93F6CCA818AED6050045400D /* CSScaleVC.m in Sources */ = {isa = PBXBuildFile; fileRef = 93F6CCA618AED6050045400D /* CSScaleVC.m */; };
		93F6CCA918AED6050045400D /* CSScaleVC.xib in Resources */ = {isa = PBXBuildFile; fileRef = 93F6CCA718AED6050045400D /* CSScaleVC.xib */; };
		B7BCA291180524A800CF7588 /* Foundation.framework in Frameworks */ = {isa = PBXBuildFile; fileRef = B7BCA290180524A800CF7588 /* Foundation.framework */; };
		B7BCA293180524A800CF7588 /* CoreGraphics.framework in Frameworks */ = {isa = PBXBuildFile; fileRef = B7BCA292180524A800CF7588 /* CoreGraphics.framework */; };
		B7BCA295180524A800CF7588 /* UIKit.framework in Frameworks */ = {isa = PBXBuildFile; fileRef = B7BCA294180524A800CF7588 /* UIKit.framework */; };
		B7BCA29B180524A800CF7588 /* InfoPlist.strings in Resources */ = {isa = PBXBuildFile; fileRef = B7BCA299180524A800CF7588 /* InfoPlist.strings */; };
		B7BCA2A3180524A800CF7588 /* Images.xcassets in Resources */ = {isa = PBXBuildFile; fileRef = B7BCA2A2180524A800CF7588 /* Images.xcassets */; };
		B7BCA2C01805284A00CF7588 /* Ingredients.plist in Resources */ = {isa = PBXBuildFile; fileRef = B7BCA2BF1805284A00CF7588 /* Ingredients.plist */; };
		DC82F26218AC25B9004FD733 /* CSFilteredIngredientGroup.m in Sources */ = {isa = PBXBuildFile; fileRef = DC82F26118AC25B9004FD733 /* CSFilteredIngredientGroup.m */; };
/* End PBXBuildFile section */

/* Begin PBXContainerItemProxy section */
		774EBD72244271D6002A59AC /* PBXContainerItemProxy */ = {
			isa = PBXContainerItemProxy;
			containerPortal = B7BCA285180524A800CF7588 /* Project object */;
			proxyType = 1;
			remoteGlobalIDString = B7BCA28C180524A800CF7588;
			remoteInfo = cake;
		};
		80629C5A18D4AE8A00106131 /* PBXContainerItemProxy */ = {
			isa = PBXContainerItemProxy;
			containerPortal = 80629C5518D4AE8A00106131 /* VGAnalytics.xcodeproj */;
			proxyType = 2;
			remoteGlobalIDString = 80629C0D18D4A03100106131;
			remoteInfo = VGAnalytics;
		};
		80629C5C18D4AE8A00106131 /* PBXContainerItemProxy */ = {
			isa = PBXContainerItemProxy;
			containerPortal = 80629C5518D4AE8A00106131 /* VGAnalytics.xcodeproj */;
			proxyType = 2;
			remoteGlobalIDString = 80629C1D18D4A03100106131;
			remoteInfo = VGAnalyticsTests;
		};
		80629C6118D4B1C700106131 /* PBXContainerItemProxy */ = {
			isa = PBXContainerItemProxy;
			containerPortal = 80629C5518D4AE8A00106131 /* VGAnalytics.xcodeproj */;
			proxyType = 1;
			remoteGlobalIDString = 80629C0C18D4A03100106131;
			remoteInfo = VGAnalytics;
		};
/* End PBXContainerItemProxy section */

/* Begin PBXFileReference section */
		392D8644242FD0FF002064D6 /* Colors.swift */ = {isa = PBXFileReference; lastKnownFileType = sourcecode.swift; path = Colors.swift; sourceTree = "<group>"; };
		396E363C2439684E00C2815B /* CenterLineView.swift */ = {isa = PBXFileReference; lastKnownFileType = sourcecode.swift; path = CenterLineView.swift; sourceTree = "<group>"; };
		396E363E24396D5900C2815B /* UnitPickerView.swift */ = {isa = PBXFileReference; lastKnownFileType = sourcecode.swift; path = UnitPickerView.swift; sourceTree = "<group>"; };
		396E3642243976A000C2815B /* GradientView.swift */ = {isa = PBXFileReference; lastKnownFileType = sourcecode.swift; path = GradientView.swift; sourceTree = "<group>"; };
		396E3646243A3BDC00C2815B /* UnitPickerDelegate.swift */ = {isa = PBXFileReference; lastKnownFileType = sourcecode.swift; path = UnitPickerDelegate.swift; sourceTree = "<group>"; };
		39C3CE562442775E00359EDF /* AppDelegate.swift */ = {isa = PBXFileReference; fileEncoding = 4; lastKnownFileType = sourcecode.swift; path = AppDelegate.swift; sourceTree = "<group>"; };
		39C3CE592442776D00359EDF /* SceneDelegate.swift */ = {isa = PBXFileReference; fileEncoding = 4; lastKnownFileType = sourcecode.swift; path = SceneDelegate.swift; sourceTree = "<group>"; };
		39C3CE632442A1C000359EDF /* EditIngredientViewController.swift */ = {isa = PBXFileReference; lastKnownFileType = sourcecode.swift; path = EditIngredientViewController.swift; sourceTree = "<group>"; };
		39C3CE81244BE22100359EDF /* ScalesView.swift */ = {isa = PBXFileReference; lastKnownFileType = sourcecode.swift; path = ScalesView.swift; sourceTree = "<group>"; };
		773C97E0244BE5D900208351 /* Button.swift */ = {isa = PBXFileReference; fileEncoding = 4; lastKnownFileType = sourcecode.swift; path = Button.swift; sourceTree = "<group>"; };
		773C97E4244BF0BF00208351 /* StyledView.swift */ = {isa = PBXFileReference; lastKnownFileType = sourcecode.swift; path = StyledView.swift; sourceTree = "<group>"; };
		773C97E7244BF14A00208351 /* Label.swift */ = {isa = PBXFileReference; lastKnownFileType = sourcecode.swift; path = Label.swift; sourceTree = "<group>"; };
		77479AE8242FB9C8000CFB0E /* cake-Bridging-Header.h */ = {isa = PBXFileReference; lastKnownFileType = sourcecode.c.h; path = "cake-Bridging-Header.h"; sourceTree = "<group>"; };
		77479AE9242FB9C8000CFB0E /* ScaleTile.swift */ = {isa = PBXFileReference; indentWidth = 2; lastKnownFileType = sourcecode.swift; path = ScaleTile.swift; sourceTree = "<group>"; };
		77479AF824303D86000CFB0E /* Fonts.swift */ = {isa = PBXFileReference; lastKnownFileType = sourcecode.swift; path = Fonts.swift; sourceTree = "<group>"; };
		774EBD6424426CC2002A59AC /* Double+StringUtils.swift */ = {isa = PBXFileReference; lastKnownFileType = sourcecode.swift; path = "Double+StringUtils.swift"; sourceTree = "<group>"; };
		774EBD67244270C8002A59AC /* DoubleStringUtilsTests.swift */ = {isa = PBXFileReference; lastKnownFileType = sourcecode.swift; path = DoubleStringUtilsTests.swift; sourceTree = "<group>"; };
		774EBD6D244271D6002A59AC /* CakeTests.xctest */ = {isa = PBXFileReference; explicitFileType = wrapper.cfbundle; includeInIndex = 0; path = CakeTests.xctest; sourceTree = BUILT_PRODUCTS_DIR; };
		774EBD71244271D6002A59AC /* Info.plist */ = {isa = PBXFileReference; lastKnownFileType = text.plist.xml; path = Info.plist; sourceTree = "<group>"; };
		774EBD782442A1CE002A59AC /* Fraction.swift */ = {isa = PBXFileReference; lastKnownFileType = sourcecode.swift; path = Fraction.swift; sourceTree = "<group>"; };
		774EBD7C2442E475002A59AC /* ScaleViewController.swift */ = {isa = PBXFileReference; lastKnownFileType = sourcecode.swift; path = ScaleViewController.swift; sourceTree = "<group>"; };
		774EBD7F2442EC26002A59AC /* UIView+Constraints.swift */ = {isa = PBXFileReference; lastKnownFileType = sourcecode.swift; path = "UIView+Constraints.swift"; sourceTree = "<group>"; };
		77F41931243950CB0055053E /* ScaleScrollView.swift */ = {isa = PBXFileReference; lastKnownFileType = sourcecode.swift; path = ScaleScrollView.swift; sourceTree = "<group>"; };
		80433B2C1BB26C1A006B7A85 /* CSRecentsIngredientGroup.h */ = {isa = PBXFileReference; fileEncoding = 4; lastKnownFileType = sourcecode.c.h; path = CSRecentsIngredientGroup.h; sourceTree = "<group>"; };
		80433B2D1BB26C1A006B7A85 /* CSRecentsIngredientGroup.m */ = {isa = PBXFileReference; fileEncoding = 4; lastKnownFileType = sourcecode.c.objc; path = CSRecentsIngredientGroup.m; sourceTree = "<group>"; };
		80433B2F1BB27270006B7A85 /* FBSDKCoreKit.framework */ = {isa = PBXFileReference; lastKnownFileType = wrapper.framework; name = FBSDKCoreKit.framework; path = CookSmart/FBSDKCoreKit.framework; sourceTree = "<group>"; };
		80433B301BB27270006B7A85 /* FBSDKLoginKit.framework */ = {isa = PBXFileReference; lastKnownFileType = wrapper.framework; name = FBSDKLoginKit.framework; path = CookSmart/FBSDKLoginKit.framework; sourceTree = "<group>"; };
		80433B311BB27270006B7A85 /* FBSDKShareKit.framework */ = {isa = PBXFileReference; lastKnownFileType = wrapper.framework; name = FBSDKShareKit.framework; path = CookSmart/FBSDKShareKit.framework; sourceTree = "<group>"; };
		80433B351BB2731B006B7A85 /* Launch Screen.storyboard */ = {isa = PBXFileReference; fileEncoding = 4; lastKnownFileType = file.storyboard; path = "Launch Screen.storyboard"; sourceTree = "<group>"; };
		80592C0318924B010082D4E1 /* CSIngredients.h */ = {isa = PBXFileReference; fileEncoding = 4; lastKnownFileType = sourcecode.c.h; path = CSIngredients.h; sourceTree = "<group>"; };
		80592C0418924B010082D4E1 /* CSIngredients.m */ = {isa = PBXFileReference; fileEncoding = 4; lastKnownFileType = sourcecode.c.objc; path = CSIngredients.m; sourceTree = "<group>"; };
		80592C0618924B0F0082D4E1 /* CSIngredient.h */ = {isa = PBXFileReference; fileEncoding = 4; lastKnownFileType = sourcecode.c.h; path = CSIngredient.h; sourceTree = "<group>"; };
		80592C0718924B0F0082D4E1 /* CSIngredient.m */ = {isa = PBXFileReference; fileEncoding = 4; lastKnownFileType = sourcecode.c.objc; path = CSIngredient.m; sourceTree = "<group>"; };
		80592C091892541D0082D4E1 /* CSIngredientGroup.h */ = {isa = PBXFileReference; fileEncoding = 4; lastKnownFileType = sourcecode.c.h; path = CSIngredientGroup.h; sourceTree = "<group>"; };
		80592C0A1892541D0082D4E1 /* CSIngredientGroup.m */ = {isa = PBXFileReference; fileEncoding = 4; lastKnownFileType = sourcecode.c.objc; path = CSIngredientGroup.m; sourceTree = "<group>"; };
		80592C0C189268D60082D4E1 /* CSScaleView.h */ = {isa = PBXFileReference; fileEncoding = 4; lastKnownFileType = sourcecode.c.h; path = CSScaleView.h; sourceTree = "<group>"; };
		80592C0D189268D60082D4E1 /* CSScaleView.m */ = {isa = PBXFileReference; fileEncoding = 4; lastKnownFileType = sourcecode.c.objc; path = CSScaleView.m; sourceTree = "<group>"; };
		80592C1518939E030082D4E1 /* CSGradientView.h */ = {isa = PBXFileReference; fileEncoding = 4; lastKnownFileType = sourcecode.c.h; path = CSGradientView.h; sourceTree = "<group>"; };
		80592C1618939E030082D4E1 /* CSGradientView.m */ = {isa = PBXFileReference; fileEncoding = 4; lastKnownFileType = sourcecode.c.objc; path = CSGradientView.m; sourceTree = "<group>"; };
		80629C5518D4AE8A00106131 /* VGAnalytics.xcodeproj */ = {isa = PBXFileReference; lastKnownFileType = "wrapper.pb-project"; name = VGAnalytics.xcodeproj; path = "../analytics/iOS Analytics/VGAnalytics.xcodeproj"; sourceTree = "<group>"; };
		80629C6718D4B3BF00106131 /* libz.dylib */ = {isa = PBXFileReference; lastKnownFileType = "compiled.mach-o.dylib"; name = libz.dylib; path = usr/lib/libz.dylib; sourceTree = SDKROOT; };
		807C0B6A1BB3DD4D007D2C03 /* CSIngredientListViewCell.h */ = {isa = PBXFileReference; fileEncoding = 4; lastKnownFileType = sourcecode.c.h; path = CSIngredientListViewCell.h; sourceTree = "<group>"; };
		807C0B6B1BB3DD4D007D2C03 /* CSIngredientListViewCell.m */ = {isa = PBXFileReference; fileEncoding = 4; lastKnownFileType = sourcecode.c.objc; path = CSIngredientListViewCell.m; sourceTree = "<group>"; };
		8087757D18C24D1F00A94031 /* CSScaleVCInternals.h */ = {isa = PBXFileReference; lastKnownFileType = sourcecode.c.h; path = CSScaleVCInternals.h; sourceTree = "<group>"; };
		80A614DC18BF3D4100A205BB /* CSGlassView.h */ = {isa = PBXFileReference; fileEncoding = 4; lastKnownFileType = sourcecode.c.h; path = CSGlassView.h; sourceTree = "<group>"; };
		80A614DD18BF3D4100A205BB /* CSGlassView.m */ = {isa = PBXFileReference; fileEncoding = 4; lastKnownFileType = sourcecode.c.objc; path = CSGlassView.m; sourceTree = "<group>"; };
		931AF96718C2B8AF0018AA8B /* WeightUnits.plist */ = {isa = PBXFileReference; fileEncoding = 4; lastKnownFileType = text.plist.xml; path = WeightUnits.plist; sourceTree = "<group>"; };
		931AF96918C2B9C90018AA8B /* VolumeUnits.plist */ = {isa = PBXFileReference; fileEncoding = 4; lastKnownFileType = text.plist.xml; path = VolumeUnits.plist; sourceTree = "<group>"; };
		931AF96B18C2BAE50018AA8B /* CSUnitCollection.h */ = {isa = PBXFileReference; fileEncoding = 4; lastKnownFileType = sourcecode.c.h; path = CSUnitCollection.h; sourceTree = "<group>"; };
		931AF96C18C2BAE50018AA8B /* CSUnitCollection.m */ = {isa = PBXFileReference; fileEncoding = 4; lastKnownFileType = sourcecode.c.objc; path = CSUnitCollection.m; sourceTree = "<group>"; };
		9358BD6B1891CAAA00A99D51 /* CSConversionVC.h */ = {isa = PBXFileReference; fileEncoding = 4; lastKnownFileType = sourcecode.c.h; path = CSConversionVC.h; sourceTree = "<group>"; };
		9358BD6C1891CAAA00A99D51 /* CSConversionVC.m */ = {isa = PBXFileReference; fileEncoding = 4; lastKnownFileType = sourcecode.c.objc; path = CSConversionVC.m; sourceTree = "<group>"; };
		9358BD6D1891CAAA00A99D51 /* CSConversionVC.xib */ = {isa = PBXFileReference; fileEncoding = 4; lastKnownFileType = file.xib; path = CSConversionVC.xib; sourceTree = "<group>"; };
		9368096E1891059700655B89 /* CSIngredientListVC.h */ = {isa = PBXFileReference; fileEncoding = 4; lastKnownFileType = sourcecode.c.h; path = CSIngredientListVC.h; sourceTree = "<group>"; };
		9368096F1891059700655B89 /* CSIngredientListVC.m */ = {isa = PBXFileReference; fileEncoding = 4; lastKnownFileType = sourcecode.c.objc; path = CSIngredientListVC.m; sourceTree = "<group>"; };
		93D09932189766080014DB3E /* CSUnit.h */ = {isa = PBXFileReference; fileEncoding = 4; lastKnownFileType = sourcecode.c.h; path = CSUnit.h; sourceTree = "<group>"; };
		93D09933189766080014DB3E /* CSUnit.m */ = {isa = PBXFileReference; fileEncoding = 4; lastKnownFileType = sourcecode.c.objc; path = CSUnit.m; sourceTree = "<group>"; };
		93F6CCA518AED6050045400D /* CSScaleVC.h */ = {isa = PBXFileReference; fileEncoding = 4; lastKnownFileType = sourcecode.c.h; path = CSScaleVC.h; sourceTree = "<group>"; };
		93F6CCA618AED6050045400D /* CSScaleVC.m */ = {isa = PBXFileReference; fileEncoding = 4; lastKnownFileType = sourcecode.c.objc; path = CSScaleVC.m; sourceTree = "<group>"; };
		93F6CCA718AED6050045400D /* CSScaleVC.xib */ = {isa = PBXFileReference; fileEncoding = 4; lastKnownFileType = file.xib; path = CSScaleVC.xib; sourceTree = "<group>"; };
		B7BCA28D180524A800CF7588 /* cake.app */ = {isa = PBXFileReference; explicitFileType = wrapper.application; includeInIndex = 0; path = cake.app; sourceTree = BUILT_PRODUCTS_DIR; };
		B7BCA290180524A800CF7588 /* Foundation.framework */ = {isa = PBXFileReference; lastKnownFileType = wrapper.framework; name = Foundation.framework; path = System/Library/Frameworks/Foundation.framework; sourceTree = SDKROOT; };
		B7BCA292180524A800CF7588 /* CoreGraphics.framework */ = {isa = PBXFileReference; lastKnownFileType = wrapper.framework; name = CoreGraphics.framework; path = System/Library/Frameworks/CoreGraphics.framework; sourceTree = SDKROOT; };
		B7BCA294180524A800CF7588 /* UIKit.framework */ = {isa = PBXFileReference; lastKnownFileType = wrapper.framework; name = UIKit.framework; path = System/Library/Frameworks/UIKit.framework; sourceTree = SDKROOT; };
		B7BCA298180524A800CF7588 /* CookSmart-Info.plist */ = {isa = PBXFileReference; lastKnownFileType = text.plist.xml; path = "CookSmart-Info.plist"; sourceTree = "<group>"; };
		B7BCA29A180524A800CF7588 /* en */ = {isa = PBXFileReference; lastKnownFileType = text.plist.strings; name = en; path = en.lproj/InfoPlist.strings; sourceTree = "<group>"; };
		B7BCA29E180524A800CF7588 /* CookSmart-Prefix.pch */ = {isa = PBXFileReference; lastKnownFileType = sourcecode.c.h; path = "CookSmart-Prefix.pch"; sourceTree = "<group>"; };
		B7BCA2A2180524A800CF7588 /* Images.xcassets */ = {isa = PBXFileReference; lastKnownFileType = folder.assetcatalog; path = Images.xcassets; sourceTree = "<group>"; };
		B7BCA2A9180524A800CF7588 /* XCTest.framework */ = {isa = PBXFileReference; lastKnownFileType = wrapper.framework; name = XCTest.framework; path = Library/Frameworks/XCTest.framework; sourceTree = DEVELOPER_DIR; };
		B7BCA2BF1805284A00CF7588 /* Ingredients.plist */ = {isa = PBXFileReference; fileEncoding = 4; lastKnownFileType = text.plist.xml; path = Ingredients.plist; sourceTree = "<group>"; };
		DC82F26018AC25B9004FD733 /* CSFilteredIngredientGroup.h */ = {isa = PBXFileReference; fileEncoding = 4; lastKnownFileType = sourcecode.c.h; path = CSFilteredIngredientGroup.h; sourceTree = "<group>"; };
		DC82F26118AC25B9004FD733 /* CSFilteredIngredientGroup.m */ = {isa = PBXFileReference; fileEncoding = 4; lastKnownFileType = sourcecode.c.objc; path = CSFilteredIngredientGroup.m; sourceTree = "<group>"; };
		DC82F26318AC2642004FD733 /* CSIngredientGroupInternals.h */ = {isa = PBXFileReference; lastKnownFileType = sourcecode.c.h; path = CSIngredientGroupInternals.h; sourceTree = "<group>"; };
/* End PBXFileReference section */

/* Begin PBXFrameworksBuildPhase section */
		774EBD6A244271D6002A59AC /* Frameworks */ = {
			isa = PBXFrameworksBuildPhase;
			buildActionMask = 2147483647;
			files = (
			);
			runOnlyForDeploymentPostprocessing = 0;
		};
		B7BCA28A180524A800CF7588 /* Frameworks */ = {
			isa = PBXFrameworksBuildPhase;
			buildActionMask = 2147483647;
			files = (
				80629C6818D4B3BF00106131 /* libz.dylib in Frameworks */,
				80629C5E18D4AED600106131 /* libVGAnalytics.a in Frameworks */,
				B7BCA293180524A800CF7588 /* CoreGraphics.framework in Frameworks */,
				B7BCA295180524A800CF7588 /* UIKit.framework in Frameworks */,
				B7BCA291180524A800CF7588 /* Foundation.framework in Frameworks */,
			);
			runOnlyForDeploymentPostprocessing = 0;
		};
/* End PBXFrameworksBuildPhase section */

/* Begin PBXGroup section */
		392D8642242FD0CA002064D6 /* Core */ = {
			isa = PBXGroup;
			children = (
				773C97E0244BE5D900208351 /* Button.swift */,
				392D8644242FD0FF002064D6 /* Colors.swift */,
				77479AF824303D86000CFB0E /* Fonts.swift */,
				774EBD6424426CC2002A59AC /* Double+StringUtils.swift */,
				774EBD782442A1CE002A59AC /* Fraction.swift */,
				774EBD7F2442EC26002A59AC /* UIView+Constraints.swift */,
				773C97E4244BF0BF00208351 /* StyledView.swift */,
				773C97E7244BF14A00208351 /* Label.swift */,
			);
			path = Core;
			sourceTree = "<group>";
		};
		39C3CE612442A1A300359EDF /* Edit Ingredient */ = {
			isa = PBXGroup;
			children = (
				39C3CE632442A1C000359EDF /* EditIngredientViewController.swift */,
			);
			path = "Edit Ingredient";
			sourceTree = "<group>";
		};
		39C3CE7F244BE1B100359EDF /* Scale View */ = {
			isa = PBXGroup;
			children = (
				77479AE9242FB9C8000CFB0E /* ScaleTile.swift */,
				77F41931243950CB0055053E /* ScaleScrollView.swift */,
				39C3CE81244BE22100359EDF /* ScalesView.swift */,
			);
			path = "Scale View";
			sourceTree = "<group>";
		};
		774EBD6E244271D6002A59AC /* CakeTests */ = {
			isa = PBXGroup;
			children = (
				774EBD67244270C8002A59AC /* DoubleStringUtilsTests.swift */,
				774EBD71244271D6002A59AC /* Info.plist */,
			);
			path = CakeTests;
			sourceTree = "<group>";
		};
		8000355C18B3CBF50032BF91 /* Scales */ = {
			isa = PBXGroup;
			children = (
				80A614DC18BF3D4100A205BB /* CSGlassView.h */,
				80A614DD18BF3D4100A205BB /* CSGlassView.m */,
				93F6CCA518AED6050045400D /* CSScaleVC.h */,
				93F6CCA618AED6050045400D /* CSScaleVC.m */,
				93F6CCA718AED6050045400D /* CSScaleVC.xib */,
				396E363E24396D5900C2815B /* UnitPickerView.swift */,
				396E3646243A3BDC00C2815B /* UnitPickerDelegate.swift */,
				80592C1518939E030082D4E1 /* CSGradientView.h */,
				80592C1618939E030082D4E1 /* CSGradientView.m */,
				396E3642243976A000C2815B /* GradientView.swift */,
				80592C0F18926AF30082D4E1 /* ScaleView */,
				8087757D18C24D1F00A94031 /* CSScaleVCInternals.h */,
				396E363C2439684E00C2815B /* CenterLineView.swift */,
				774EBD7C2442E475002A59AC /* ScaleViewController.swift */,
			);
			name = Scales;
			sourceTree = "<group>";
		};
		80592C0218924AEA0082D4E1 /* Model */ = {
			isa = PBXGroup;
			children = (
				93D0993B18977D320014DB3E /* Units */,
				80592C0318924B010082D4E1 /* CSIngredients.h */,
				80592C0418924B010082D4E1 /* CSIngredients.m */,
				80592C0618924B0F0082D4E1 /* CSIngredient.h */,
				80592C0718924B0F0082D4E1 /* CSIngredient.m */,
				80592C091892541D0082D4E1 /* CSIngredientGroup.h */,
				80592C0A1892541D0082D4E1 /* CSIngredientGroup.m */,
				80433B2C1BB26C1A006B7A85 /* CSRecentsIngredientGroup.h */,
				80433B2D1BB26C1A006B7A85 /* CSRecentsIngredientGroup.m */,
				DC82F26018AC25B9004FD733 /* CSFilteredIngredientGroup.h */,
				DC82F26118AC25B9004FD733 /* CSFilteredIngredientGroup.m */,
				DC82F26318AC2642004FD733 /* CSIngredientGroupInternals.h */,
			);
			name = Model;
			sourceTree = "<group>";
		};
		80592C0F18926AF30082D4E1 /* ScaleView */ = {
			isa = PBXGroup;
			children = (
				80592C0C189268D60082D4E1 /* CSScaleView.h */,
				80592C0D189268D60082D4E1 /* CSScaleView.m */,
			);
			name = ScaleView;
			sourceTree = "<group>";
		};
		80629C5618D4AE8A00106131 /* Products */ = {
			isa = PBXGroup;
			children = (
				80629C5B18D4AE8A00106131 /* libVGAnalytics.a */,
				80629C5D18D4AE8A00106131 /* VGAnalyticsTests.xctest */,
			);
			name = Products;
			sourceTree = "<group>";
		};
		807C0B681BB3DD04007D2C03 /* Ingredient List UI */ = {
			isa = PBXGroup;
			children = (
				9368096E1891059700655B89 /* CSIngredientListVC.h */,
				9368096F1891059700655B89 /* CSIngredientListVC.m */,
				807C0B6A1BB3DD4D007D2C03 /* CSIngredientListViewCell.h */,
				807C0B6B1BB3DD4D007D2C03 /* CSIngredientListViewCell.m */,
			);
			name = "Ingredient List UI";
			sourceTree = "<group>";
		};
		93D0993B18977D320014DB3E /* Units */ = {
			isa = PBXGroup;
			children = (
				93D09932189766080014DB3E /* CSUnit.h */,
				93D09933189766080014DB3E /* CSUnit.m */,
				931AF96B18C2BAE50018AA8B /* CSUnitCollection.h */,
				931AF96C18C2BAE50018AA8B /* CSUnitCollection.m */,
			);
			name = Units;
			sourceTree = "<group>";
		};
		B7BCA284180524A800CF7588 = {
			isa = PBXGroup;
			children = (
				80629C5518D4AE8A00106131 /* VGAnalytics.xcodeproj */,
				B7BCA296180524A800CF7588 /* CookSmart */,
				774EBD6E244271D6002A59AC /* CakeTests */,
				B7BCA28F180524A800CF7588 /* Frameworks */,
				B7BCA28E180524A800CF7588 /* Products */,
			);
			indentWidth = 2;
			sourceTree = "<group>";
			tabWidth = 2;
			usesTabs = 0;
		};
		B7BCA28E180524A800CF7588 /* Products */ = {
			isa = PBXGroup;
			children = (
				B7BCA28D180524A800CF7588 /* cake.app */,
				774EBD6D244271D6002A59AC /* CakeTests.xctest */,
			);
			name = Products;
			sourceTree = "<group>";
		};
		B7BCA28F180524A800CF7588 /* Frameworks */ = {
			isa = PBXGroup;
			children = (
				80629C6718D4B3BF00106131 /* libz.dylib */,
				80433B2F1BB27270006B7A85 /* FBSDKCoreKit.framework */,
				80433B301BB27270006B7A85 /* FBSDKLoginKit.framework */,
				80433B311BB27270006B7A85 /* FBSDKShareKit.framework */,
				B7BCA290180524A800CF7588 /* Foundation.framework */,
				B7BCA292180524A800CF7588 /* CoreGraphics.framework */,
				B7BCA294180524A800CF7588 /* UIKit.framework */,
				B7BCA2A9180524A800CF7588 /* XCTest.framework */,
			);
			name = Frameworks;
			sourceTree = "<group>";
		};
		B7BCA296180524A800CF7588 /* CookSmart */ = {
			isa = PBXGroup;
			children = (
				39C3CE7F244BE1B100359EDF /* Scale View */,
				39C3CE562442775E00359EDF /* AppDelegate.swift */,
				39C3CE592442776D00359EDF /* SceneDelegate.swift */,
				392D8642242FD0CA002064D6 /* Core */,
				39C3CE612442A1A300359EDF /* Edit Ingredient */,
				80433B351BB2731B006B7A85 /* Launch Screen.storyboard */,
				9358BD6B1891CAAA00A99D51 /* CSConversionVC.h */,
				9358BD6C1891CAAA00A99D51 /* CSConversionVC.m */,
				9358BD6D1891CAAA00A99D51 /* CSConversionVC.xib */,
				8000355C18B3CBF50032BF91 /* Scales */,
				80592C0218924AEA0082D4E1 /* Model */,
				807C0B681BB3DD04007D2C03 /* Ingredient List UI */,
				B7BCA2A2180524A800CF7588 /* Images.xcassets */,
				B7BCA297180524A800CF7588 /* Supporting Files */,
			);
			path = CookSmart;
			sourceTree = "<group>";
		};
		B7BCA297180524A800CF7588 /* Supporting Files */ = {
			isa = PBXGroup;
			children = (
				77479AE8242FB9C8000CFB0E /* cake-Bridging-Header.h */,
				B7BCA2BF1805284A00CF7588 /* Ingredients.plist */,
				B7BCA298180524A800CF7588 /* CookSmart-Info.plist */,
				B7BCA299180524A800CF7588 /* InfoPlist.strings */,
				B7BCA29E180524A800CF7588 /* CookSmart-Prefix.pch */,
				931AF96718C2B8AF0018AA8B /* WeightUnits.plist */,
				931AF96918C2B9C90018AA8B /* VolumeUnits.plist */,
			);
			name = "Supporting Files";
			sourceTree = "<group>";
		};
/* End PBXGroup section */

/* Begin PBXNativeTarget section */
		774EBD6C244271D6002A59AC /* CakeTests */ = {
			isa = PBXNativeTarget;
			buildConfigurationList = 774EBD74244271D6002A59AC /* Build configuration list for PBXNativeTarget "CakeTests" */;
			buildPhases = (
				774EBD69244271D6002A59AC /* Sources */,
				774EBD6A244271D6002A59AC /* Frameworks */,
				774EBD6B244271D6002A59AC /* Resources */,
			);
			buildRules = (
			);
			dependencies = (
				774EBD73244271D6002A59AC /* PBXTargetDependency */,
			);
			name = CakeTests;
			productName = CakeTests;
			productReference = 774EBD6D244271D6002A59AC /* CakeTests.xctest */;
			productType = "com.apple.product-type.bundle.unit-test";
		};
		B7BCA28C180524A800CF7588 /* cake */ = {
			isa = PBXNativeTarget;
			buildConfigurationList = B7BCA2B9180524A800CF7588 /* Build configuration list for PBXNativeTarget "cake" */;
			buildPhases = (
				B7BCA289180524A800CF7588 /* Sources */,
				B7BCA28A180524A800CF7588 /* Frameworks */,
				B7BCA28B180524A800CF7588 /* Resources */,
				392D864F24301E96002064D6 /* Mint */,
				392D864A24300ECA002064D6 /* Swiftformat */,
				392D864C24301109002064D6 /* Swiftlint */,
				80A614DB18BA663B00A205BB /* Run Version Script */,
			);
			buildRules = (
			);
			dependencies = (
				80629C6218D4B1C700106131 /* PBXTargetDependency */,
			);
			name = cake;
			productName = CookSmart;
			productReference = B7BCA28D180524A800CF7588 /* cake.app */;
			productType = "com.apple.product-type.application";
		};
/* End PBXNativeTarget section */

/* Begin PBXProject section */
		B7BCA285180524A800CF7588 /* Project object */ = {
			isa = PBXProject;
			attributes = {
				BuildIndependentTargetsInParallel = YES;
				CLASSPREFIX = CS;
				LastSwiftUpdateCheck = 1140;
				LastUpgradeCheck = 1500;
				ORGANIZATIONNAME = "Olga Galchenko";
				TargetAttributes = {
					774EBD6C244271D6002A59AC = {
						CreatedOnToolsVersion = 11.4;
						DevelopmentTeam = 6NPJ4ZUZ5S;
						ProvisioningStyle = Automatic;
						TestTargetID = B7BCA28C180524A800CF7588;
					};
					B7BCA28C180524A800CF7588 = {
						DevelopmentTeam = T36GJ569RT;
						LastSwiftMigration = 1130;
					};
				};
			};
			buildConfigurationList = B7BCA288180524A800CF7588 /* Build configuration list for PBXProject "CookSmart" */;
			compatibilityVersion = "Xcode 3.2";
			developmentRegion = English;
			hasScannedForEncodings = 0;
			knownRegions = (
				English,
				en,
			);
			mainGroup = B7BCA284180524A800CF7588;
			productRefGroup = B7BCA28E180524A800CF7588 /* Products */;
			projectDirPath = "";
			projectReferences = (
				{
					ProductGroup = 80629C5618D4AE8A00106131 /* Products */;
					ProjectRef = 80629C5518D4AE8A00106131 /* VGAnalytics.xcodeproj */;
				},
			);
			projectRoot = "";
			targets = (
				B7BCA28C180524A800CF7588 /* cake */,
				774EBD6C244271D6002A59AC /* CakeTests */,
			);
		};
/* End PBXProject section */

/* Begin PBXReferenceProxy section */
		80629C5B18D4AE8A00106131 /* libVGAnalytics.a */ = {
			isa = PBXReferenceProxy;
			fileType = archive.ar;
			path = libVGAnalytics.a;
			remoteRef = 80629C5A18D4AE8A00106131 /* PBXContainerItemProxy */;
			sourceTree = BUILT_PRODUCTS_DIR;
		};
		80629C5D18D4AE8A00106131 /* VGAnalyticsTests.xctest */ = {
			isa = PBXReferenceProxy;
			fileType = wrapper.cfbundle;
			path = VGAnalyticsTests.xctest;
			remoteRef = 80629C5C18D4AE8A00106131 /* PBXContainerItemProxy */;
			sourceTree = BUILT_PRODUCTS_DIR;
		};
/* End PBXReferenceProxy section */

/* Begin PBXResourcesBuildPhase section */
		774EBD6B244271D6002A59AC /* Resources */ = {
			isa = PBXResourcesBuildPhase;
			buildActionMask = 2147483647;
			files = (
			);
			runOnlyForDeploymentPostprocessing = 0;
		};
		B7BCA28B180524A800CF7588 /* Resources */ = {
			isa = PBXResourcesBuildPhase;
			buildActionMask = 2147483647;
			files = (
				931AF96818C2B8AF0018AA8B /* WeightUnits.plist in Resources */,
				9358BD6F1891CAAA00A99D51 /* CSConversionVC.xib in Resources */,
				931AF96A18C2B9C90018AA8B /* VolumeUnits.plist in Resources */,
				B7BCA29B180524A800CF7588 /* InfoPlist.strings in Resources */,
				B7BCA2C01805284A00CF7588 /* Ingredients.plist in Resources */,
				B7BCA2A3180524A800CF7588 /* Images.xcassets in Resources */,
				80433B361BB2731B006B7A85 /* Launch Screen.storyboard in Resources */,
				93F6CCA918AED6050045400D /* CSScaleVC.xib in Resources */,
			);
			runOnlyForDeploymentPostprocessing = 0;
		};
/* End PBXResourcesBuildPhase section */

/* Begin PBXShellScriptBuildPhase section */
		392D864A24300ECA002064D6 /* Swiftformat */ = {
			isa = PBXShellScriptBuildPhase;
			alwaysOutOfDate = 1;
			buildActionMask = 2147483647;
			files = (
			);
			inputFileListPaths = (
			);
			inputPaths = (
			);
			name = Swiftformat;
			outputFileListPaths = (
			);
			outputPaths = (
			);
			runOnlyForDeploymentPostprocessing = 0;
			shellPath = /bin/sh;
			shellScript = "cd BuildTools\nmint run swiftformat swiftformat --config \"../.swiftformat\" ${SOURCE_ROOT}\n";
		};
		392D864C24301109002064D6 /* Swiftlint */ = {
			isa = PBXShellScriptBuildPhase;
			alwaysOutOfDate = 1;
			buildActionMask = 2147483647;
			files = (
			);
			inputFileListPaths = (
			);
			inputPaths = (
			);
			name = Swiftlint;
			outputFileListPaths = (
			);
			outputPaths = (
			);
			runOnlyForDeploymentPostprocessing = 0;
			shellPath = /bin/sh;
			shellScript = "cd BuildTools\nmint run swiftlint swiftlint --path ${SOURCE_ROOT} --config ./BuildTools/.swiftlint.yml\n";
		};
		392D864F24301E96002064D6 /* Mint */ = {
			isa = PBXShellScriptBuildPhase;
			alwaysOutOfDate = 1;
			buildActionMask = 2147483647;
			files = (
			);
			inputFileListPaths = (
			);
			inputPaths = (
			);
			name = Mint;
			outputFileListPaths = (
			);
			outputPaths = (
			);
			runOnlyForDeploymentPostprocessing = 0;
			shellPath = /bin/sh;
			shellScript = "cd BuildTools\nhash mint 2>/dev/null || { echo >&2 \"error: Mint isn't installed. Use 'brew install mint' to install.\"; exit 1; }\n/usr/bin/xcrun --sdk macosx mint bootstrap # Install or update dependencies if needed\n";
		};
		80A614DB18BA663B00A205BB /* Run Version Script */ = {
			isa = PBXShellScriptBuildPhase;
			alwaysOutOfDate = 1;
			buildActionMask = 2147483647;
			files = (
			);
			inputPaths = (
			);
			name = "Run Version Script";
			outputPaths = (
			);
			runOnlyForDeploymentPostprocessing = 0;
			shellPath = /bin/sh;
			shellScript = "#\"${PROJECT_DIR}\"/versions.sh\n";
		};
/* End PBXShellScriptBuildPhase section */

/* Begin PBXSourcesBuildPhase section */
		774EBD69244271D6002A59AC /* Sources */ = {
			isa = PBXSourcesBuildPhase;
			buildActionMask = 2147483647;
			files = (
				774EBD77244271DC002A59AC /* DoubleStringUtilsTests.swift in Sources */,
			);
			runOnlyForDeploymentPostprocessing = 0;
		};
		B7BCA289180524A800CF7588 /* Sources */ = {
			isa = PBXSourcesBuildPhase;
			buildActionMask = 2147483647;
			files = (
				774EBD6524426CC2002A59AC /* Double+StringUtils.swift in Sources */,
				396E363F24396D5900C2815B /* UnitPickerView.swift in Sources */,
				77479AEA242FB9C8000CFB0E /* ScaleTile.swift in Sources */,
				773C97E2244BE5D900208351 /* Button.swift in Sources */,
				774EBD802442EC26002A59AC /* UIView+Constraints.swift in Sources */,
				392D8645242FD0FF002064D6 /* Colors.swift in Sources */,
				80A614DE18BF3D4100A205BB /* CSGlassView.m in Sources */,
				774EBD792442A1CE002A59AC /* Fraction.swift in Sources */,
				93F6CCA818AED6050045400D /* CSScaleVC.m in Sources */,
				931AF96D18C2BAE50018AA8B /* CSUnitCollection.m in Sources */,
				774EBD7D2442E475002A59AC /* ScaleViewController.swift in Sources */,
				39C3CE582442775E00359EDF /* AppDelegate.swift in Sources */,
				80592C0818924B0F0082D4E1 /* CSIngredient.m in Sources */,
				80592C0E189268D60082D4E1 /* CSScaleView.m in Sources */,
				39C3CE5A2442776D00359EDF /* SceneDelegate.swift in Sources */,
				80592C0B1892541D0082D4E1 /* CSIngredientGroup.m in Sources */,
				77479AF924303D86000CFB0E /* Fonts.swift in Sources */,
				80592C1718939E030082D4E1 /* CSGradientView.m in Sources */,
				39C3CE642442A1C000359EDF /* EditIngredientViewController.swift in Sources */,
				9358BD6E1891CAAA00A99D51 /* CSConversionVC.m in Sources */,
				80592C0518924B010082D4E1 /* CSIngredients.m in Sources */,
				77F41932243950CB0055053E /* ScaleScrollView.swift in Sources */,
				39C3CE82244BE22100359EDF /* ScalesView.swift in Sources */,
				807C0B6C1BB3DD4D007D2C03 /* CSIngredientListViewCell.m in Sources */,
				DC82F26218AC25B9004FD733 /* CSFilteredIngredientGroup.m in Sources */,
				396E3647243A3BDC00C2815B /* UnitPickerDelegate.swift in Sources */,
				773C97E8244BF14A00208351 /* Label.swift in Sources */,
				93D09934189766080014DB3E /* CSUnit.m in Sources */,
				773C97E5244BF0BF00208351 /* StyledView.swift in Sources */,
				80433B2E1BB26C1A006B7A85 /* CSRecentsIngredientGroup.m in Sources */,
				396E3643243976A000C2815B /* GradientView.swift in Sources */,
				396E363D2439684E00C2815B /* CenterLineView.swift in Sources */,
				936809701891059700655B89 /* CSIngredientListVC.m in Sources */,
			);
			runOnlyForDeploymentPostprocessing = 0;
		};
/* End PBXSourcesBuildPhase section */

/* Begin PBXTargetDependency section */
		774EBD73244271D6002A59AC /* PBXTargetDependency */ = {
			isa = PBXTargetDependency;
			target = B7BCA28C180524A800CF7588 /* cake */;
			targetProxy = 774EBD72244271D6002A59AC /* PBXContainerItemProxy */;
		};
		80629C6218D4B1C700106131 /* PBXTargetDependency */ = {
			isa = PBXTargetDependency;
			name = VGAnalytics;
			targetProxy = 80629C6118D4B1C700106131 /* PBXContainerItemProxy */;
		};
/* End PBXTargetDependency section */

/* Begin PBXVariantGroup section */
		B7BCA299180524A800CF7588 /* InfoPlist.strings */ = {
			isa = PBXVariantGroup;
			children = (
				B7BCA29A180524A800CF7588 /* en */,
			);
			name = InfoPlist.strings;
			sourceTree = "<group>";
		};
/* End PBXVariantGroup section */

/* Begin XCBuildConfiguration section */
		774EBD75244271D6002A59AC /* Debug */ = {
			isa = XCBuildConfiguration;
			buildSettings = {
				BUNDLE_LOADER = "$(TEST_HOST)";
				CLANG_ANALYZER_NONNULL = YES;
				CLANG_ANALYZER_NUMBER_OBJECT_CONVERSION = YES_AGGRESSIVE;
				CLANG_CXX_LANGUAGE_STANDARD = "gnu++14";
				CLANG_ENABLE_OBJC_WEAK = YES;
				CLANG_WARN_DOCUMENTATION_COMMENTS = YES;
				CLANG_WARN_UNGUARDED_AVAILABILITY = YES_AGGRESSIVE;
				CODE_SIGN_STYLE = Automatic;
				DEBUG_INFORMATION_FORMAT = dwarf;
				DEVELOPMENT_TEAM = 6NPJ4ZUZ5S;
				GCC_C_LANGUAGE_STANDARD = gnu11;
				GCC_WARN_UNINITIALIZED_AUTOS = YES_AGGRESSIVE;
				INFOPLIST_FILE = CakeTests/Info.plist;
				IPHONEOS_DEPLOYMENT_TARGET = 13.4;
				LD_RUNPATH_SEARCH_PATHS = (
					"$(inherited)",
					"@executable_path/Frameworks",
					"@loader_path/Frameworks",
				);
				MTL_ENABLE_DEBUG_INFO = INCLUDE_SOURCE;
				MTL_FAST_MATH = YES;
				PRODUCT_BUNDLE_IDENTIFIER = com.pryanik.CakeTests;
				PRODUCT_NAME = "$(TARGET_NAME)";
				SWIFT_ACTIVE_COMPILATION_CONDITIONS = DEBUG;
				SWIFT_OPTIMIZATION_LEVEL = "-Onone";
				SWIFT_VERSION = 5.0;
				TARGETED_DEVICE_FAMILY = "1,2";
				TEST_HOST = "$(BUILT_PRODUCTS_DIR)/cake.app/cake";
			};
			name = Debug;
		};
		774EBD76244271D6002A59AC /* Release */ = {
			isa = XCBuildConfiguration;
			buildSettings = {
				BUNDLE_LOADER = "$(TEST_HOST)";
				CLANG_ANALYZER_NONNULL = YES;
				CLANG_ANALYZER_NUMBER_OBJECT_CONVERSION = YES_AGGRESSIVE;
				CLANG_CXX_LANGUAGE_STANDARD = "gnu++14";
				CLANG_ENABLE_OBJC_WEAK = YES;
				CLANG_WARN_DOCUMENTATION_COMMENTS = YES;
				CLANG_WARN_UNGUARDED_AVAILABILITY = YES_AGGRESSIVE;
				CODE_SIGN_STYLE = Automatic;
				COPY_PHASE_STRIP = NO;
				DEBUG_INFORMATION_FORMAT = "dwarf-with-dsym";
				DEVELOPMENT_TEAM = 6NPJ4ZUZ5S;
				GCC_C_LANGUAGE_STANDARD = gnu11;
				GCC_WARN_UNINITIALIZED_AUTOS = YES_AGGRESSIVE;
				INFOPLIST_FILE = CakeTests/Info.plist;
				IPHONEOS_DEPLOYMENT_TARGET = 13.4;
				LD_RUNPATH_SEARCH_PATHS = (
					"$(inherited)",
					"@executable_path/Frameworks",
					"@loader_path/Frameworks",
				);
				MTL_ENABLE_DEBUG_INFO = NO;
				MTL_FAST_MATH = YES;
				PRODUCT_BUNDLE_IDENTIFIER = com.pryanik.CakeTests;
				PRODUCT_NAME = "$(TARGET_NAME)";
				SWIFT_OPTIMIZATION_LEVEL = "-O";
				SWIFT_VERSION = 5.0;
				TARGETED_DEVICE_FAMILY = "1,2";
				TEST_HOST = "$(BUILT_PRODUCTS_DIR)/cake.app/cake";
			};
			name = Release;
		};
		B7BCA2B7180524A800CF7588 /* Debug */ = {
			isa = XCBuildConfiguration;
			buildSettings = {
				ALWAYS_SEARCH_USER_PATHS = NO;
				CLANG_ANALYZER_LOCALIZABILITY_NONLOCALIZED = YES;
				CLANG_CXX_LANGUAGE_STANDARD = "gnu++0x";
				CLANG_CXX_LIBRARY = "libc++";
				CLANG_ENABLE_MODULES = YES;
				CLANG_ENABLE_OBJC_ARC = YES;
				CLANG_WARN_BLOCK_CAPTURE_AUTORELEASING = YES;
				CLANG_WARN_BOOL_CONVERSION = YES;
				CLANG_WARN_COMMA = YES;
				CLANG_WARN_CONSTANT_CONVERSION = YES;
				CLANG_WARN_DEPRECATED_OBJC_IMPLEMENTATIONS = YES;
				CLANG_WARN_DIRECT_OBJC_ISA_USAGE = YES_ERROR;
				CLANG_WARN_EMPTY_BODY = YES;
				CLANG_WARN_ENUM_CONVERSION = YES;
				CLANG_WARN_INFINITE_RECURSION = YES;
				CLANG_WARN_INT_CONVERSION = YES;
				CLANG_WARN_NON_LITERAL_NULL_CONVERSION = YES;
				CLANG_WARN_OBJC_IMPLICIT_RETAIN_SELF = YES;
				CLANG_WARN_OBJC_LITERAL_CONVERSION = YES;
				CLANG_WARN_OBJC_ROOT_CLASS = YES_ERROR;
				CLANG_WARN_QUOTED_INCLUDE_IN_FRAMEWORK_HEADER = YES;
				CLANG_WARN_RANGE_LOOP_ANALYSIS = YES;
				CLANG_WARN_STRICT_PROTOTYPES = YES;
				CLANG_WARN_SUSPICIOUS_MOVE = YES;
				CLANG_WARN_UNREACHABLE_CODE = YES;
				CLANG_WARN__DUPLICATE_METHOD_MATCH = YES;
				CODE_SIGN_IDENTITY = "iPhone Developer";
				COPY_PHASE_STRIP = NO;
				ENABLE_STRICT_OBJC_MSGSEND = YES;
				ENABLE_TESTABILITY = YES;
				ENABLE_USER_SCRIPT_SANDBOXING = YES;
				GCC_C_LANGUAGE_STANDARD = gnu99;
				GCC_DYNAMIC_NO_PIC = NO;
				GCC_NO_COMMON_BLOCKS = YES;
				GCC_OPTIMIZATION_LEVEL = 0;
				GCC_PREPROCESSOR_DEFINITIONS = (
					"DEBUG=1",
					"$(inherited)",
				);
				GCC_SYMBOLS_PRIVATE_EXTERN = NO;
				GCC_WARN_64_TO_32_BIT_CONVERSION = YES;
				GCC_WARN_ABOUT_RETURN_TYPE = YES_ERROR;
				GCC_WARN_UNDECLARED_SELECTOR = YES;
				GCC_WARN_UNINITIALIZED_AUTOS = YES;
				GCC_WARN_UNUSED_FUNCTION = YES;
				GCC_WARN_UNUSED_VARIABLE = YES;
				HEADER_SEARCH_PATHS = (
					"$(inherited)",
					/Applications/Xcode.app/Contents/Developer/Toolchains/XcodeDefault.xctoolchain/usr/include,
					"\"$(TARGET_BUILD_DIR)/usr/local/lib/include\"",
					"\"$(OBJROOT)/UninstalledProducts/include\"",
				);
				IPHONEOS_DEPLOYMENT_TARGET = 13.0;
				ONLY_ACTIVE_ARCH = YES;
				PROVISIONING_PROFILE = "11064EA0-77EA-4B3B-BB70-727CC87F5A87";
				SDKROOT = iphoneos;
			};
			name = Debug;
		};
		B7BCA2B8180524A800CF7588 /* Release */ = {
			isa = XCBuildConfiguration;
			buildSettings = {
				ALWAYS_SEARCH_USER_PATHS = NO;
				CLANG_ANALYZER_LOCALIZABILITY_NONLOCALIZED = YES;
				CLANG_CXX_LANGUAGE_STANDARD = "gnu++0x";
				CLANG_CXX_LIBRARY = "libc++";
				CLANG_ENABLE_MODULES = YES;
				CLANG_ENABLE_OBJC_ARC = YES;
				CLANG_WARN_BLOCK_CAPTURE_AUTORELEASING = YES;
				CLANG_WARN_BOOL_CONVERSION = YES;
				CLANG_WARN_COMMA = YES;
				CLANG_WARN_CONSTANT_CONVERSION = YES;
				CLANG_WARN_DEPRECATED_OBJC_IMPLEMENTATIONS = YES;
				CLANG_WARN_DIRECT_OBJC_ISA_USAGE = YES_ERROR;
				CLANG_WARN_EMPTY_BODY = YES;
				CLANG_WARN_ENUM_CONVERSION = YES;
				CLANG_WARN_INFINITE_RECURSION = YES;
				CLANG_WARN_INT_CONVERSION = YES;
				CLANG_WARN_NON_LITERAL_NULL_CONVERSION = YES;
				CLANG_WARN_OBJC_IMPLICIT_RETAIN_SELF = YES;
				CLANG_WARN_OBJC_LITERAL_CONVERSION = YES;
				CLANG_WARN_OBJC_ROOT_CLASS = YES_ERROR;
				CLANG_WARN_QUOTED_INCLUDE_IN_FRAMEWORK_HEADER = YES;
				CLANG_WARN_RANGE_LOOP_ANALYSIS = YES;
				CLANG_WARN_STRICT_PROTOTYPES = YES;
				CLANG_WARN_SUSPICIOUS_MOVE = YES;
				CLANG_WARN_UNREACHABLE_CODE = YES;
				CLANG_WARN__DUPLICATE_METHOD_MATCH = YES;
				CODE_SIGN_IDENTITY = "iPhone Distribution";
				COPY_PHASE_STRIP = YES;
				ENABLE_NS_ASSERTIONS = NO;
				ENABLE_STRICT_OBJC_MSGSEND = YES;
				ENABLE_USER_SCRIPT_SANDBOXING = YES;
				GCC_C_LANGUAGE_STANDARD = gnu99;
				GCC_NO_COMMON_BLOCKS = YES;
				GCC_WARN_64_TO_32_BIT_CONVERSION = YES;
				GCC_WARN_ABOUT_RETURN_TYPE = YES_ERROR;
				GCC_WARN_UNDECLARED_SELECTOR = YES;
				GCC_WARN_UNINITIALIZED_AUTOS = YES;
				GCC_WARN_UNUSED_FUNCTION = YES;
				GCC_WARN_UNUSED_VARIABLE = YES;
				HEADER_SEARCH_PATHS = (
					"$(inherited)",
					/Applications/Xcode.app/Contents/Developer/Toolchains/XcodeDefault.xctoolchain/usr/include,
					"\"$(TARGET_BUILD_DIR)/usr/local/lib/include\"",
					"\"$(OBJROOT)/UninstalledProducts/include\"",
				);
				IPHONEOS_DEPLOYMENT_TARGET = 13.0;
				PROVISIONING_PROFILE = "11064EA0-77EA-4B3B-BB70-727CC87F5A87";
				SDKROOT = iphoneos;
				SWIFT_COMPILATION_MODE = wholemodule;
				VALIDATE_PRODUCT = YES;
			};
			name = Release;
		};
		B7BCA2BA180524A800CF7588 /* Debug */ = {
			isa = XCBuildConfiguration;
			buildSettings = {
				ASSETCATALOG_COMPILER_APPICON_NAME = AppIcon;
				CLANG_ENABLE_MODULES = YES;
				CODE_SIGN_IDENTITY = "iPhone Developer";
				"CODE_SIGN_IDENTITY[sdk=iphoneos*]" = "iPhone Developer";
				CURRENT_PROJECT_VERSION = 10;
				DEVELOPMENT_TEAM = T36GJ569RT;
				ENABLE_USER_SCRIPT_SANDBOXING = NO;
				FRAMEWORK_SEARCH_PATHS = (
					"$(inherited)",
					"$(PROJECT_DIR)",
					"$(PROJECT_DIR)/CookSmart",
				);
				GCC_PRECOMPILE_PREFIX_HEADER = YES;
				GCC_PREFIX_HEADER = "CookSmart/CookSmart-Prefix.pch";
				INFOPLIST_FILE = "CookSmart/CookSmart-Info.plist";
				LD_RUNPATH_SEARCH_PATHS = (
					"$(inherited)",
					"@executable_path/Frameworks",
				);
				LIBRARY_SEARCH_PATHS = "$(inherited)";
				MARKETING_VERSION = 1.4.1;
				OTHER_LDFLAGS = (
					"-all_load",
					"-ObjC",
				);
				PRODUCT_BUNDLE_IDENTIFIER = "com.pryanik.$(PRODUCT_NAME:rfc1034identifier)";
				PRODUCT_NAME = "$(TARGET_NAME)";
				PROVISIONING_PROFILE = "";
				SWIFT_OBJC_BRIDGING_HEADER = "CookSmart/cake-Bridging-Header.h";
				SWIFT_OPTIMIZATION_LEVEL = "-Onone";
				SWIFT_VERSION = 5.0;
				TARGETED_DEVICE_FAMILY = "1,2";
				WRAPPER_EXTENSION = app;
			};
			name = Debug;
		};
		B7BCA2BB180524A800CF7588 /* Release */ = {
			isa = XCBuildConfiguration;
			buildSettings = {
				ASSETCATALOG_COMPILER_APPICON_NAME = AppIcon;
				CLANG_ENABLE_MODULES = YES;
				CODE_SIGN_IDENTITY = "iPhone Developer";
				"CODE_SIGN_IDENTITY[sdk=iphoneos*]" = "iPhone Developer";
				COPY_PHASE_STRIP = NO;
				CURRENT_PROJECT_VERSION = 10;
				DEVELOPMENT_TEAM = T36GJ569RT;
				ENABLE_USER_SCRIPT_SANDBOXING = NO;
				FRAMEWORK_SEARCH_PATHS = (
					"$(inherited)",
					"$(PROJECT_DIR)",
					"$(PROJECT_DIR)/CookSmart",
				);
				GCC_PRECOMPILE_PREFIX_HEADER = YES;
				GCC_PREFIX_HEADER = "CookSmart/CookSmart-Prefix.pch";
				INFOPLIST_FILE = "CookSmart/CookSmart-Info.plist";
				LD_RUNPATH_SEARCH_PATHS = (
					"$(inherited)",
					"@executable_path/Frameworks",
				);
				LIBRARY_SEARCH_PATHS = "$(inherited)";
				MARKETING_VERSION = 1.4.1;
				OTHER_CFLAGS = "";
				OTHER_LDFLAGS = (
					"-all_load",
					"-ObjC",
				);
				PRODUCT_BUNDLE_IDENTIFIER = "com.pryanik.$(PRODUCT_NAME:rfc1034identifier)";
				PRODUCT_NAME = "$(TARGET_NAME)";
				PROVISIONING_PROFILE = "";
				SWIFT_OBJC_BRIDGING_HEADER = "CookSmart/cake-Bridging-Header.h";
				SWIFT_VERSION = 5.0;
				TARGETED_DEVICE_FAMILY = "1,2";
				WRAPPER_EXTENSION = app;
			};
			name = Release;
		};
/* End XCBuildConfiguration section */

/* Begin XCConfigurationList section */
		774EBD74244271D6002A59AC /* Build configuration list for PBXNativeTarget "CakeTests" */ = {
			isa = XCConfigurationList;
			buildConfigurations = (
				774EBD75244271D6002A59AC /* Debug */,
				774EBD76244271D6002A59AC /* Release */,
			);
			defaultConfigurationIsVisible = 0;
			defaultConfigurationName = Release;
		};
		B7BCA288180524A800CF7588 /* Build configuration list for PBXProject "CookSmart" */ = {
			isa = XCConfigurationList;
			buildConfigurations = (
				B7BCA2B7180524A800CF7588 /* Debug */,
				B7BCA2B8180524A800CF7588 /* Release */,
			);
			defaultConfigurationIsVisible = 0;
			defaultConfigurationName = Release;
		};
		B7BCA2B9180524A800CF7588 /* Build configuration list for PBXNativeTarget "cake" */ = {
			isa = XCConfigurationList;
			buildConfigurations = (
				B7BCA2BA180524A800CF7588 /* Debug */,
				B7BCA2BB180524A800CF7588 /* Release */,
			);
			defaultConfigurationIsVisible = 0;
			defaultConfigurationName = Release;
		};
/* End XCConfigurationList section */
	};
	rootObject = B7BCA285180524A800CF7588 /* Project object */;
}
